
Microsoft Visual Studio Solution File, Format Version 12.00
# Visual Studio Version 16
VisualStudioVersion = 16.0.29025.244
MinimumVisualStudioVersion = 10.0.40219.1
Project("{8BC9CEB8-8B4A-11D0-8D11-00A0C91BC942}") = "open_image", "open_image.vcxproj", "{2956048B-CEE5-4B14-9006-E825931D9A2E}"
EndProject
Global
	GlobalSection(SolutionConfigurationPlatforms) = preSolution
		Debug|x64 = Debug|x64
		Debug|x86 = Debug|x86
		Release|x64 = Release|x64
		Release|x86 = Release|x86
	EndGlobalSection
	GlobalSection(ProjectConfigurationPlatforms) = postSolution
		{2956048B-CEE5-4B14-9006-E825931D9A2E}.Debug|x64.ActiveCfg = Debug|x64
		{2956048B-CEE5-4B14-9006-E825931D9A2E}.Debug|x64.Build.0 = Debug|x64
		{2956048B-CEE5-4B14-9006-E825931D9A2E}.Debug|x86.ActiveCfg = Debug|Win32
		{2956048B-CEE5-4B14-9006-E825931D9A2E}.Debug|x86.Build.0 = Debug|Win32
		{2956048B-CEE5-4B14-9006-E825931D9A2E}.Release|x64.ActiveCfg = Release|x64
		{2956048B-CEE5-4B14-9006-E825931D9A2E}.Release|x64.Build.0 = Release|x64
		{2956048B-CEE5-4B14-9006-E825931D9A2E}.Release|x86.ActiveCfg = Release|Win32
		{2956048B-CEE5-4B14-9006-E825931D9A2E}.Release|x86.Build.0 = Release|Win32
	EndGlobalSection
	GlobalSection(SolutionProperties) = preSolution
		HideSolutionNode = FALSE
	EndGlobalSection
	GlobalSection(ExtensibilityGlobals) = postSolution
		SolutionGuid = {2F709E06-8030-44B7-9677-D52DE09B29BC}
	EndGlobalSection
EndGlobal
